
Microsoft Visual Studio Solution File, Format Version 12.00
# Visual Studio Version 16
VisualStudioVersion = 16.0.32002.261
MinimumVisualStudioVersion = 10.0.40219.1
Project("{FAE04EC0-301F-11D3-BF4B-00C04F79EFBC}") = "MyHours", "MyHours.csproj", "{AA03069B-CD14-4083-83CD-F7E929D713ED}"
EndProject
Global
	GlobalSection(SolutionConfigurationPlatforms) = preSolution
		Debug|Any CPU = Debug|Any CPU
		Release|Any CPU = Release|Any CPU
	EndGlobalSection
	GlobalSection(ProjectConfigurationPlatforms) = postSolution
		{AA03069B-CD14-4083-83CD-F7E929D713ED}.Debug|Any CPU.ActiveCfg = Debug|Any CPU
		{AA03069B-CD14-4083-83CD-F7E929D713ED}.Debug|Any CPU.Build.0 = Debug|Any CPU
		{AA03069B-CD14-4083-83CD-F7E929D713ED}.Release|Any CPU.ActiveCfg = Release|Any CPU
		{AA03069B-CD14-4083-83CD-F7E929D713ED}.Release|Any CPU.Build.0 = Release|Any CPU
	EndGlobalSection
	GlobalSection(SolutionProperties) = preSolution
		HideSolutionNode = FALSE
	EndGlobalSection
	GlobalSection(ExtensibilityGlobals) = postSolution
		SolutionGuid = {2FA7A70C-3682-40E6-BD0B-159592575E6B}
	EndGlobalSection
EndGlobal
